
Microsoft Visual Studio Solution File, Format Version 12.00
# Visual Studio 14
VisualStudioVersion = 14.0.25123.0
MinimumVisualStudioVersion = 10.0.40219.1
Project("{FAE04EC0-301F-11D3-BF4B-00C04F79EFBC}") = "YouRoomSharp", "YouRoomSharp\YouRoomSharp.csproj", "{AE30429F-9157-4FDA-81D2-A95C27320E98}"
EndProject
Project("{FAE04EC0-301F-11D3-BF4B-00C04F79EFBC}") = "YouRoomConsoleSample", "YouRoomConsoleSample\YouRoomConsoleSample.csproj", "{1BD17B7C-EC12-4EC5-A555-20BFED8870B2}"
EndProject
Global
	GlobalSection(SolutionConfigurationPlatforms) = preSolution
		Debug|Any CPU = Debug|Any CPU
		Release|Any CPU = Release|Any CPU
	EndGlobalSection
	GlobalSection(ProjectConfigurationPlatforms) = postSolution
		{AE30429F-9157-4FDA-81D2-A95C27320E98}.Debug|Any CPU.ActiveCfg = Debug|Any CPU
		{AE30429F-9157-4FDA-81D2-A95C27320E98}.Debug|Any CPU.Build.0 = Debug|Any CPU
		{AE30429F-9157-4FDA-81D2-A95C27320E98}.Release|Any CPU.ActiveCfg = Release|Any CPU
		{AE30429F-9157-4FDA-81D2-A95C27320E98}.Release|Any CPU.Build.0 = Release|Any CPU
		{1BD17B7C-EC12-4EC5-A555-20BFED8870B2}.Debug|Any CPU.ActiveCfg = Debug|Any CPU
		{1BD17B7C-EC12-4EC5-A555-20BFED8870B2}.Debug|Any CPU.Build.0 = Debug|Any CPU
		{1BD17B7C-EC12-4EC5-A555-20BFED8870B2}.Release|Any CPU.ActiveCfg = Release|Any CPU
		{1BD17B7C-EC12-4EC5-A555-20BFED8870B2}.Release|Any CPU.Build.0 = Release|Any CPU
	EndGlobalSection
	GlobalSection(SolutionProperties) = preSolution
		HideSolutionNode = FALSE
	EndGlobalSection
EndGlobal
